// !$*UTF8*$!
{
	archiveVersion = 1;
	classes = {
	};
	objectVersion = 46;
	objects = {

/* Begin PBXBuildFile section */
		1AC5B09A612F0A11A9CC025A /* Pods_CLEANTests.framework in Frameworks */ = {isa = PBXBuildFile; fileRef = 674656127D51431991DEA30D /* Pods_CLEANTests.framework */; };
		3A3946EB20C28BDF0089717A /* DetailSetViewController.swift in Sources */ = {isa = PBXBuildFile; fileRef = 3A3946EA20C28BDF0089717A /* DetailSetViewController.swift */; };
		3A39471220C7454A0089717A /* EventData.swift in Sources */ = {isa = PBXBuildFile; fileRef = 3A39471120C7454A0089717A /* EventData.swift */; };
		3A39471320C7474C0089717A /* libsqlite3.0.tbd in Frameworks */ = {isa = PBXBuildFile; fileRef = 3A73204C20BBAD0700F45379 /* libsqlite3.0.tbd */; };
		3A44325420B64CE90009FC39 /* FSCalendar.m in Sources */ = {isa = PBXBuildFile; fileRef = 3A44322D20B64CE90009FC39 /* FSCalendar.m */; };
		3A44325520B64CE90009FC39 /* FSCalendar+Deprecated.m in Sources */ = {isa = PBXBuildFile; fileRef = 3A44322E20B64CE90009FC39 /* FSCalendar+Deprecated.m */; };
		3A44325620B64CE90009FC39 /* FSCalendarAppearance.m in Sources */ = {isa = PBXBuildFile; fileRef = 3A44323020B64CE90009FC39 /* FSCalendarAppearance.m */; };
		3A44325720B64CE90009FC39 /* FSCalendarCalculator.m in Sources */ = {isa = PBXBuildFile; fileRef = 3A44323220B64CE90009FC39 /* FSCalendarCalculator.m */; };
		3A44325820B64CE90009FC39 /* FSCalendarCell.m in Sources */ = {isa = PBXBuildFile; fileRef = 3A44323420B64CE90009FC39 /* FSCalendarCell.m */; };
		3A44325920B64CE90009FC39 /* FSCalendarCollectionView.m in Sources */ = {isa = PBXBuildFile; fileRef = 3A44323620B64CE90009FC39 /* FSCalendarCollectionView.m */; };
		3A44325A20B64CE90009FC39 /* FSCalendarCollectionViewLayout.m in Sources */ = {isa = PBXBuildFile; fileRef = 3A44323820B64CE90009FC39 /* FSCalendarCollectionViewLayout.m */; };
		3A44325B20B64CE90009FC39 /* FSCalendarConstants.m in Sources */ = {isa = PBXBuildFile; fileRef = 3A44323A20B64CE90009FC39 /* FSCalendarConstants.m */; };
		3A44325C20B64CE90009FC39 /* FSCalendarDelegationFactory.m in Sources */ = {isa = PBXBuildFile; fileRef = 3A44323C20B64CE90009FC39 /* FSCalendarDelegationFactory.m */; };
		3A44325D20B64CE90009FC39 /* FSCalendarDelegationProxy.m in Sources */ = {isa = PBXBuildFile; fileRef = 3A44323E20B64CE90009FC39 /* FSCalendarDelegationProxy.m */; };
		3A44325E20B64CE90009FC39 /* FSCalendarExtensions.m in Sources */ = {isa = PBXBuildFile; fileRef = 3A44324120B64CE90009FC39 /* FSCalendarExtensions.m */; };
		3A44325F20B64CE90009FC39 /* FSCalendarHeaderView.m in Sources */ = {isa = PBXBuildFile; fileRef = 3A44324320B64CE90009FC39 /* FSCalendarHeaderView.m */; };
		3A44326020B64CE90009FC39 /* FSCalendarScopeHandle.m in Sources */ = {isa = PBXBuildFile; fileRef = 3A44324520B64CE90009FC39 /* FSCalendarScopeHandle.m */; };
		3A44326120B64CE90009FC39 /* FSCalendarStickyHeader.m in Sources */ = {isa = PBXBuildFile; fileRef = 3A44324720B64CE90009FC39 /* FSCalendarStickyHeader.m */; };
		3A44326220B64CE90009FC39 /* FSCalendarTransitionCoordinator.m in Sources */ = {isa = PBXBuildFile; fileRef = 3A44324920B64CE90009FC39 /* FSCalendarTransitionCoordinator.m */; };
		3A44326320B64CE90009FC39 /* FSCalendarWeekdayView.m in Sources */ = {isa = PBXBuildFile; fileRef = 3A44324B20B64CE90009FC39 /* FSCalendarWeekdayView.m */; };
		3A44326520B64CE90009FC39 /* FSCalendar-dummy.m in Sources */ = {isa = PBXBuildFile; fileRef = 3A44324E20B64CE90009FC39 /* FSCalendar-dummy.m */; };
		3A44326620B64CE90009FC39 /* Info.plist in Resources */ = {isa = PBXBuildFile; fileRef = 3A44325120B64CE90009FC39 /* Info.plist */; };
		3A73207020BBAFFB00F45379 /* SpaceTable.swift in Sources */ = {isa = PBXBuildFile; fileRef = 3A73206F20BBAFFB00F45379 /* SpaceTable.swift */; };
		3A73207220BBB04100F45379 /* Constant.swift in Sources */ = {isa = PBXBuildFile; fileRef = 3A73207120BBB04100F45379 /* Constant.swift */; };
		3A73207420BBE9AB00F45379 /* Calendar.storyboard in Resources */ = {isa = PBXBuildFile; fileRef = 3A73207320BBE9AB00F45379 /* Calendar.storyboard */; };
		3A7320B220BBF04D00F45379 /* Add.storyboard in Resources */ = {isa = PBXBuildFile; fileRef = 3A7320B120BBF04D00F45379 /* Add.storyboard */; };
		3A7320B420BBF0EA00F45379 /* CleanScheduler.storyboard in Resources */ = {isa = PBXBuildFile; fileRef = 3A7320B320BBF0EA00F45379 /* CleanScheduler.storyboard */; };
		3A7320B620BBF22E00F45379 /* DetailSet.storyboard in Resources */ = {isa = PBXBuildFile; fileRef = 3A7320B520BBF22E00F45379 /* DetailSet.storyboard */; };
		3AC42E0D20C74858003D82F9 /* FMDatabaseQueue.m in Sources */ = {isa = PBXBuildFile; fileRef = 3AC42E0620C74858003D82F9 /* FMDatabaseQueue.m */; };
		3AC42E1C20C749F4003D82F9 /* FMDatabase.m in Sources */ = {isa = PBXBuildFile; fileRef = 3AC42E0220C74858003D82F9 /* FMDatabase.m */; };
		3AC42E1E20C749F4003D82F9 /* FMResultSet.m in Sources */ = {isa = PBXBuildFile; fileRef = 3AC42E0420C74858003D82F9 /* FMResultSet.m */; };
		3AC42E2120C749F4003D82F9 /* FMDatabaseAdditions.m in Sources */ = {isa = PBXBuildFile; fileRef = 3AC42E0820C74858003D82F9 /* FMDatabaseAdditions.m */; };
		3AC42E2320C749F4003D82F9 /* FMDatabasePool.m in Sources */ = {isa = PBXBuildFile; fileRef = 3AC42E0A20C74858003D82F9 /* FMDatabasePool.m */; };
		3AC42E2820C772B4003D82F9 /* Subject.swift in Sources */ = {isa = PBXBuildFile; fileRef = 3AC42E2720C772B4003D82F9 /* Subject.swift */; };
		3AC42E2B20C7863A003D82F9 /* Infos.swift in Sources */ = {isa = PBXBuildFile; fileRef = 3AC42E2A20C7863A003D82F9 /* Infos.swift */; };
		3AEDB40020A4406C0069726C /* AppDelegate.swift in Sources */ = {isa = PBXBuildFile; fileRef = 3AEDB3FF20A4406C0069726C /* AppDelegate.swift */; };
		3AEDB40220A4406C0069726C /* ViewController.swift in Sources */ = {isa = PBXBuildFile; fileRef = 3AEDB40120A4406C0069726C /* ViewController.swift */; };
		3AEDB40520A4406C0069726C /* Main.storyboard in Resources */ = {isa = PBXBuildFile; fileRef = 3AEDB40320A4406C0069726C /* Main.storyboard */; };
		3AEDB40720A4406C0069726C /* Assets.xcassets in Resources */ = {isa = PBXBuildFile; fileRef = 3AEDB40620A4406C0069726C /* Assets.xcassets */; };
		3AEDB40A20A4406C0069726C /* LaunchScreen.storyboard in Resources */ = {isa = PBXBuildFile; fileRef = 3AEDB40820A4406C0069726C /* LaunchScreen.storyboard */; };
		3AEDB41520A4406C0069726C /* CLEANTests.swift in Sources */ = {isa = PBXBuildFile; fileRef = 3AEDB41420A4406C0069726C /* CLEANTests.swift */; };
		3AEDB42020A4406C0069726C /* CLEANUITests.swift in Sources */ = {isa = PBXBuildFile; fileRef = 3AEDB41F20A4406C0069726C /* CLEANUITests.swift */; };
		3E8100A4753A4D6CA529D417 /* Pods_CLEANUITests.framework in Frameworks */ = {isa = PBXBuildFile; fileRef = C28F6C03E12F199F6AAC71AA /* Pods_CLEANUITests.framework */; };
		713116078B3315BD38ADAEFA /* Pods_CLEAN.framework in Frameworks */ = {isa = PBXBuildFile; fileRef = 1DA401160F79D0B5BF18AAEC /* Pods_CLEAN.framework */; };
		84FB80C520BF795300585B5B /* CalendarViewController.swift in Sources */ = {isa = PBXBuildFile; fileRef = 84FB80C420BF795300585B5B /* CalendarViewController.swift */; };
		B6147A4F20D268D200A1B66D /* ListCollectionViewCell.swift in Sources */ = {isa = PBXBuildFile; fileRef = B6147A4E20D268D200A1B66D /* ListCollectionViewCell.swift */; };
		B6147A5120D2711700A1B66D /* exam_Icon.png in Resources */ = {isa = PBXBuildFile; fileRef = B6147A5020D2711700A1B66D /* exam_Icon.png */; };
		B6CBED3520B2E55700FDC309 /* AnimUtils.swift in Sources */ = {isa = PBXBuildFile; fileRef = B6CBED3420B2E55700FDC309 /* AnimUtils.swift */; };
		B6CBED3920B2FC6600FDC309 /* FinishListViewController.swift in Sources */ = {isa = PBXBuildFile; fileRef = B6CBED3820B2FC6600FDC309 /* FinishListViewController.swift */; };
		B6FBB53E20AC70180066EE2D /* MainViewController.swift in Sources */ = {isa = PBXBuildFile; fileRef = B6FBB53D20AC70180066EE2D /* MainViewController.swift */; };
		B6FBB54020AC70C70066EE2D /* ListViewController.swift in Sources */ = {isa = PBXBuildFile; fileRef = B6FBB53F20AC70C70066EE2D /* ListViewController.swift */; };
/* End PBXBuildFile section */

/* Begin PBXContainerItemProxy section */
		3AEDB41120A4406C0069726C /* PBXContainerItemProxy */ = {
			isa = PBXContainerItemProxy;
			containerPortal = 3AEDB3F420A4406C0069726C /* Project object */;
			proxyType = 1;
			remoteGlobalIDString = 3AEDB3FB20A4406C0069726C;
			remoteInfo = CLEAN;
		};
		3AEDB41C20A4406C0069726C /* PBXContainerItemProxy */ = {
			isa = PBXContainerItemProxy;
			containerPortal = 3AEDB3F420A4406C0069726C /* Project object */;
			proxyType = 1;
			remoteGlobalIDString = 3AEDB3FB20A4406C0069726C;
			remoteInfo = CLEAN;
		};
/* End PBXContainerItemProxy section */

/* Begin PBXFileReference section */
		1DA401160F79D0B5BF18AAEC /* Pods_CLEAN.framework */ = {isa = PBXFileReference; explicitFileType = wrapper.framework; includeInIndex = 0; path = Pods_CLEAN.framework; sourceTree = BUILT_PRODUCTS_DIR; };
		288CD2B9C8F2AE3A0DB576ED /* Pods-CLEANUITests.release.xcconfig */ = {isa = PBXFileReference; includeInIndex = 1; lastKnownFileType = text.xcconfig; name = "Pods-CLEANUITests.release.xcconfig"; path = "Pods/Target Support Files/Pods-CLEANUITests/Pods-CLEANUITests.release.xcconfig"; sourceTree = "<group>"; };
		32121066C77A8D094BA5F569 /* Pods-CLEANTests.debug.xcconfig */ = {isa = PBXFileReference; includeInIndex = 1; lastKnownFileType = text.xcconfig; name = "Pods-CLEANTests.debug.xcconfig"; path = "Pods/Target Support Files/Pods-CLEANTests/Pods-CLEANTests.debug.xcconfig"; sourceTree = "<group>"; };
		3A3946EA20C28BDF0089717A /* DetailSetViewController.swift */ = {isa = PBXFileReference; fileEncoding = 4; lastKnownFileType = sourcecode.swift; path = DetailSetViewController.swift; sourceTree = "<group>"; };
		3A39471120C7454A0089717A /* EventData.swift */ = {isa = PBXFileReference; fileEncoding = 4; lastKnownFileType = sourcecode.swift; path = EventData.swift; sourceTree = "<group>"; };
		3A44322C20B64CE90009FC39 /* FSCalendar.h */ = {isa = PBXFileReference; fileEncoding = 4; lastKnownFileType = sourcecode.c.h; name = FSCalendar.h; path = FSCalendar/FSCalendar.h; sourceTree = "<group>"; };
		3A44322D20B64CE90009FC39 /* FSCalendar.m */ = {isa = PBXFileReference; fileEncoding = 4; lastKnownFileType = sourcecode.c.objc; name = FSCalendar.m; path = FSCalendar/FSCalendar.m; sourceTree = "<group>"; };
		3A44322E20B64CE90009FC39 /* FSCalendar+Deprecated.m */ = {isa = PBXFileReference; fileEncoding = 4; lastKnownFileType = sourcecode.c.objc; name = "FSCalendar+Deprecated.m"; path = "FSCalendar/FSCalendar+Deprecated.m"; sourceTree = "<group>"; };
		3A44322F20B64CE90009FC39 /* FSCalendarAppearance.h */ = {isa = PBXFileReference; fileEncoding = 4; lastKnownFileType = sourcecode.c.h; name = FSCalendarAppearance.h; path = FSCalendar/FSCalendarAppearance.h; sourceTree = "<group>"; };
		3A44323020B64CE90009FC39 /* FSCalendarAppearance.m */ = {isa = PBXFileReference; fileEncoding = 4; lastKnownFileType = sourcecode.c.objc; name = FSCalendarAppearance.m; path = FSCalendar/FSCalendarAppearance.m; sourceTree = "<group>"; };
		3A44323120B64CE90009FC39 /* FSCalendarCalculator.h */ = {isa = PBXFileReference; fileEncoding = 4; lastKnownFileType = sourcecode.c.h; name = FSCalendarCalculator.h; path = FSCalendar/FSCalendarCalculator.h; sourceTree = "<group>"; };
		3A44323220B64CE90009FC39 /* FSCalendarCalculator.m */ = {isa = PBXFileReference; fileEncoding = 4; lastKnownFileType = sourcecode.c.objc; name = FSCalendarCalculator.m; path = FSCalendar/FSCalendarCalculator.m; sourceTree = "<group>"; };
		3A44323320B64CE90009FC39 /* FSCalendarCell.h */ = {isa = PBXFileReference; fileEncoding = 4; lastKnownFileType = sourcecode.c.h; name = FSCalendarCell.h; path = FSCalendar/FSCalendarCell.h; sourceTree = "<group>"; };
		3A44323420B64CE90009FC39 /* FSCalendarCell.m */ = {isa = PBXFileReference; fileEncoding = 4; lastKnownFileType = sourcecode.c.objc; name = FSCalendarCell.m; path = FSCalendar/FSCalendarCell.m; sourceTree = "<group>"; };
		3A44323520B64CE90009FC39 /* FSCalendarCollectionView.h */ = {isa = PBXFileReference; fileEncoding = 4; lastKnownFileType = sourcecode.c.h; name = FSCalendarCollectionView.h; path = FSCalendar/FSCalendarCollectionView.h; sourceTree = "<group>"; };
		3A44323620B64CE90009FC39 /* FSCalendarCollectionView.m */ = {isa = PBXFileReference; fileEncoding = 4; lastKnownFileType = sourcecode.c.objc; name = FSCalendarCollectionView.m; path = FSCalendar/FSCalendarCollectionView.m; sourceTree = "<group>"; };
		3A44323720B64CE90009FC39 /* FSCalendarCollectionViewLayout.h */ = {isa = PBXFileReference; fileEncoding = 4; lastKnownFileType = sourcecode.c.h; name = FSCalendarCollectionViewLayout.h; path = FSCalendar/FSCalendarCollectionViewLayout.h; sourceTree = "<group>"; };
		3A44323820B64CE90009FC39 /* FSCalendarCollectionViewLayout.m */ = {isa = PBXFileReference; fileEncoding = 4; lastKnownFileType = sourcecode.c.objc; name = FSCalendarCollectionViewLayout.m; path = FSCalendar/FSCalendarCollectionViewLayout.m; sourceTree = "<group>"; };
		3A44323920B64CE90009FC39 /* FSCalendarConstants.h */ = {isa = PBXFileReference; fileEncoding = 4; lastKnownFileType = sourcecode.c.h; name = FSCalendarConstants.h; path = FSCalendar/FSCalendarConstants.h; sourceTree = "<group>"; };
		3A44323A20B64CE90009FC39 /* FSCalendarConstants.m */ = {isa = PBXFileReference; fileEncoding = 4; lastKnownFileType = sourcecode.c.objc; name = FSCalendarConstants.m; path = FSCalendar/FSCalendarConstants.m; sourceTree = "<group>"; };
		3A44323B20B64CE90009FC39 /* FSCalendarDelegationFactory.h */ = {isa = PBXFileReference; fileEncoding = 4; lastKnownFileType = sourcecode.c.h; name = FSCalendarDelegationFactory.h; path = FSCalendar/FSCalendarDelegationFactory.h; sourceTree = "<group>"; };
		3A44323C20B64CE90009FC39 /* FSCalendarDelegationFactory.m */ = {isa = PBXFileReference; fileEncoding = 4; lastKnownFileType = sourcecode.c.objc; name = FSCalendarDelegationFactory.m; path = FSCalendar/FSCalendarDelegationFactory.m; sourceTree = "<group>"; };
		3A44323D20B64CE90009FC39 /* FSCalendarDelegationProxy.h */ = {isa = PBXFileReference; fileEncoding = 4; lastKnownFileType = sourcecode.c.h; name = FSCalendarDelegationProxy.h; path = FSCalendar/FSCalendarDelegationProxy.h; sourceTree = "<group>"; };
		3A44323E20B64CE90009FC39 /* FSCalendarDelegationProxy.m */ = {isa = PBXFileReference; fileEncoding = 4; lastKnownFileType = sourcecode.c.objc; name = FSCalendarDelegationProxy.m; path = FSCalendar/FSCalendarDelegationProxy.m; sourceTree = "<group>"; };
		3A44323F20B64CE90009FC39 /* FSCalendarDynamicHeader.h */ = {isa = PBXFileReference; fileEncoding = 4; lastKnownFileType = sourcecode.c.h; name = FSCalendarDynamicHeader.h; path = FSCalendar/FSCalendarDynamicHeader.h; sourceTree = "<group>"; };
		3A44324020B64CE90009FC39 /* FSCalendarExtensions.h */ = {isa = PBXFileReference; fileEncoding = 4; lastKnownFileType = sourcecode.c.h; name = FSCalendarExtensions.h; path = FSCalendar/FSCalendarExtensions.h; sourceTree = "<group>"; };
		3A44324120B64CE90009FC39 /* FSCalendarExtensions.m */ = {isa = PBXFileReference; fileEncoding = 4; lastKnownFileType = sourcecode.c.objc; name = FSCalendarExtensions.m; path = FSCalendar/FSCalendarExtensions.m; sourceTree = "<group>"; };
		3A44324220B64CE90009FC39 /* FSCalendarHeaderView.h */ = {isa = PBXFileReference; fileEncoding = 4; lastKnownFileType = sourcecode.c.h; name = FSCalendarHeaderView.h; path = FSCalendar/FSCalendarHeaderView.h; sourceTree = "<group>"; };
		3A44324320B64CE90009FC39 /* FSCalendarHeaderView.m */ = {isa = PBXFileReference; fileEncoding = 4; lastKnownFileType = sourcecode.c.objc; name = FSCalendarHeaderView.m; path = FSCalendar/FSCalendarHeaderView.m; sourceTree = "<group>"; };
		3A44324420B64CE90009FC39 /* FSCalendarScopeHandle.h */ = {isa = PBXFileReference; fileEncoding = 4; lastKnownFileType = sourcecode.c.h; name = FSCalendarScopeHandle.h; path = FSCalendar/FSCalendarScopeHandle.h; sourceTree = "<group>"; };
		3A44324520B64CE90009FC39 /* FSCalendarScopeHandle.m */ = {isa = PBXFileReference; fileEncoding = 4; lastKnownFileType = sourcecode.c.objc; name = FSCalendarScopeHandle.m; path = FSCalendar/FSCalendarScopeHandle.m; sourceTree = "<group>"; };
		3A44324620B64CE90009FC39 /* FSCalendarStickyHeader.h */ = {isa = PBXFileReference; fileEncoding = 4; lastKnownFileType = sourcecode.c.h; name = FSCalendarStickyHeader.h; path = FSCalendar/FSCalendarStickyHeader.h; sourceTree = "<group>"; };
		3A44324720B64CE90009FC39 /* FSCalendarStickyHeader.m */ = {isa = PBXFileReference; fileEncoding = 4; lastKnownFileType = sourcecode.c.objc; name = FSCalendarStickyHeader.m; path = FSCalendar/FSCalendarStickyHeader.m; sourceTree = "<group>"; };
		3A44324820B64CE90009FC39 /* FSCalendarTransitionCoordinator.h */ = {isa = PBXFileReference; fileEncoding = 4; lastKnownFileType = sourcecode.c.h; name = FSCalendarTransitionCoordinator.h; path = FSCalendar/FSCalendarTransitionCoordinator.h; sourceTree = "<group>"; };
		3A44324920B64CE90009FC39 /* FSCalendarTransitionCoordinator.m */ = {isa = PBXFileReference; fileEncoding = 4; lastKnownFileType = sourcecode.c.objc; name = FSCalendarTransitionCoordinator.m; path = FSCalendar/FSCalendarTransitionCoordinator.m; sourceTree = "<group>"; };
		3A44324A20B64CE90009FC39 /* FSCalendarWeekdayView.h */ = {isa = PBXFileReference; fileEncoding = 4; lastKnownFileType = sourcecode.c.h; name = FSCalendarWeekdayView.h; path = FSCalendar/FSCalendarWeekdayView.h; sourceTree = "<group>"; };
		3A44324B20B64CE90009FC39 /* FSCalendarWeekdayView.m */ = {isa = PBXFileReference; fileEncoding = 4; lastKnownFileType = sourcecode.c.objc; name = FSCalendarWeekdayView.m; path = FSCalendar/FSCalendarWeekdayView.m; sourceTree = "<group>"; };
		3A44324C20B64CE90009FC39 /* FSCalendar.modulemap */ = {isa = PBXFileReference; fileEncoding = 4; lastKnownFileType = "sourcecode.module-map"; path = FSCalendar.modulemap; sourceTree = "<group>"; };
		3A44324D20B64CE90009FC39 /* FSCalendar.xcconfig */ = {isa = PBXFileReference; fileEncoding = 4; lastKnownFileType = text.xcconfig; path = FSCalendar.xcconfig; sourceTree = "<group>"; };
		3A44324E20B64CE90009FC39 /* FSCalendar-dummy.m */ = {isa = PBXFileReference; fileEncoding = 4; lastKnownFileType = sourcecode.c.objc; path = "FSCalendar-dummy.m"; sourceTree = "<group>"; };
		3A44324F20B64CE90009FC39 /* FSCalendar-prefix.pch */ = {isa = PBXFileReference; fileEncoding = 4; lastKnownFileType = sourcecode.c.h; path = "FSCalendar-prefix.pch"; sourceTree = "<group>"; };
		3A44325020B64CE90009FC39 /* FSCalendar-umbrella.h */ = {isa = PBXFileReference; fileEncoding = 4; lastKnownFileType = sourcecode.c.h; path = "FSCalendar-umbrella.h"; sourceTree = "<group>"; };
		3A44325120B64CE90009FC39 /* Info.plist */ = {isa = PBXFileReference; fileEncoding = 4; lastKnownFileType = text.plist.xml; path = Info.plist; sourceTree = "<group>"; };
		3A73204C20BBAD0700F45379 /* libsqlite3.0.tbd */ = {isa = PBXFileReference; lastKnownFileType = "sourcecode.text-based-dylib-definition"; name = libsqlite3.0.tbd; path = usr/lib/libsqlite3.0.tbd; sourceTree = SDKROOT; };
		3A73206F20BBAFFB00F45379 /* SpaceTable.swift */ = {isa = PBXFileReference; fileEncoding = 4; lastKnownFileType = sourcecode.swift; path = SpaceTable.swift; sourceTree = "<group>"; };
		3A73207120BBB04100F45379 /* Constant.swift */ = {isa = PBXFileReference; fileEncoding = 4; lastKnownFileType = sourcecode.swift; path = Constant.swift; sourceTree = "<group>"; };
		3A73207320BBE9AB00F45379 /* Calendar.storyboard */ = {isa = PBXFileReference; fileEncoding = 4; lastKnownFileType = file.storyboard; path = Calendar.storyboard; sourceTree = "<group>"; };
		3A7320B120BBF04D00F45379 /* Add.storyboard */ = {isa = PBXFileReference; fileEncoding = 4; lastKnownFileType = file.storyboard; path = Add.storyboard; sourceTree = "<group>"; };
		3A7320B320BBF0EA00F45379 /* CleanScheduler.storyboard */ = {isa = PBXFileReference; fileEncoding = 4; lastKnownFileType = file.storyboard; path = CleanScheduler.storyboard; sourceTree = "<group>"; };
		3A7320B520BBF22E00F45379 /* DetailSet.storyboard */ = {isa = PBXFileReference; fileEncoding = 4; lastKnownFileType = file.storyboard; path = DetailSet.storyboard; sourceTree = "<group>"; };
		3AC42E0020C74858003D82F9 /* FMDB.h */ = {isa = PBXFileReference; fileEncoding = 4; lastKnownFileType = sourcecode.c.h; name = FMDB.h; path = ../FMDB.h; sourceTree = "<group>"; };
		3AC42E0120C74858003D82F9 /* FMDatabase.h */ = {isa = PBXFileReference; fileEncoding = 4; lastKnownFileType = sourcecode.c.h; name = FMDatabase.h; path = ../FMDatabase.h; sourceTree = "<group>"; };
		3AC42E0220C74858003D82F9 /* FMDatabase.m */ = {isa = PBXFileReference; fileEncoding = 4; lastKnownFileType = sourcecode.c.objc; name = FMDatabase.m; path = ../FMDatabase.m; sourceTree = "<group>"; };
		3AC42E0320C74858003D82F9 /* FMResultSet.h */ = {isa = PBXFileReference; fileEncoding = 4; lastKnownFileType = sourcecode.c.h; name = FMResultSet.h; path = ../FMResultSet.h; sourceTree = "<group>"; };
		3AC42E0420C74858003D82F9 /* FMResultSet.m */ = {isa = PBXFileReference; fileEncoding = 4; lastKnownFileType = sourcecode.c.objc; name = FMResultSet.m; path = ../FMResultSet.m; sourceTree = "<group>"; };
		3AC42E0520C74858003D82F9 /* FMDatabaseQueue.h */ = {isa = PBXFileReference; fileEncoding = 4; lastKnownFileType = sourcecode.c.h; name = FMDatabaseQueue.h; path = ../FMDatabaseQueue.h; sourceTree = "<group>"; };
		3AC42E0620C74858003D82F9 /* FMDatabaseQueue.m */ = {isa = PBXFileReference; fileEncoding = 4; lastKnownFileType = sourcecode.c.objc; name = FMDatabaseQueue.m; path = ../FMDatabaseQueue.m; sourceTree = "<group>"; };
		3AC42E0720C74858003D82F9 /* FMDatabaseAdditions.h */ = {isa = PBXFileReference; fileEncoding = 4; lastKnownFileType = sourcecode.c.h; name = FMDatabaseAdditions.h; path = ../FMDatabaseAdditions.h; sourceTree = "<group>"; };
		3AC42E0820C74858003D82F9 /* FMDatabaseAdditions.m */ = {isa = PBXFileReference; fileEncoding = 4; lastKnownFileType = sourcecode.c.objc; name = FMDatabaseAdditions.m; path = ../FMDatabaseAdditions.m; sourceTree = "<group>"; };
		3AC42E0920C74858003D82F9 /* FMDatabasePool.h */ = {isa = PBXFileReference; fileEncoding = 4; lastKnownFileType = sourcecode.c.h; name = FMDatabasePool.h; path = ../FMDatabasePool.h; sourceTree = "<group>"; };
		3AC42E0A20C74858003D82F9 /* FMDatabasePool.m */ = {isa = PBXFileReference; fileEncoding = 4; lastKnownFileType = sourcecode.c.objc; name = FMDatabasePool.m; path = ../FMDatabasePool.m; sourceTree = "<group>"; };
		3AC42E1020C74886003D82F9 /* FMDB_Bridging_Header.h */ = {isa = PBXFileReference; lastKnownFileType = sourcecode.c.h; path = FMDB_Bridging_Header.h; sourceTree = "<group>"; };
		3AC42E2720C772B4003D82F9 /* Subject.swift */ = {isa = PBXFileReference; fileEncoding = 4; lastKnownFileType = sourcecode.swift; path = Subject.swift; sourceTree = "<group>"; };
		3AC42E2A20C7863A003D82F9 /* Infos.swift */ = {isa = PBXFileReference; fileEncoding = 4; lastKnownFileType = sourcecode.swift; path = Infos.swift; sourceTree = "<group>"; };
		3AEDB3FC20A4406C0069726C /* CLEAN.app */ = {isa = PBXFileReference; explicitFileType = wrapper.application; includeInIndex = 0; path = CLEAN.app; sourceTree = BUILT_PRODUCTS_DIR; };
		3AEDB3FF20A4406C0069726C /* AppDelegate.swift */ = {isa = PBXFileReference; lastKnownFileType = sourcecode.swift; path = AppDelegate.swift; sourceTree = "<group>"; };
		3AEDB40120A4406C0069726C /* ViewController.swift */ = {isa = PBXFileReference; lastKnownFileType = sourcecode.swift; path = ViewController.swift; sourceTree = "<group>"; };
		3AEDB40420A4406C0069726C /* Base */ = {isa = PBXFileReference; lastKnownFileType = file.storyboard; name = Base; path = Base.lproj/Main.storyboard; sourceTree = "<group>"; };
		3AEDB40620A4406C0069726C /* Assets.xcassets */ = {isa = PBXFileReference; lastKnownFileType = folder.assetcatalog; path = Assets.xcassets; sourceTree = "<group>"; };
		3AEDB40920A4406C0069726C /* Base */ = {isa = PBXFileReference; lastKnownFileType = file.storyboard; name = Base; path = Base.lproj/LaunchScreen.storyboard; sourceTree = "<group>"; };
		3AEDB40B20A4406C0069726C /* Info.plist */ = {isa = PBXFileReference; lastKnownFileType = text.plist.xml; path = Info.plist; sourceTree = "<group>"; };
		3AEDB41020A4406C0069726C /* CLEANTests.xctest */ = {isa = PBXFileReference; explicitFileType = wrapper.cfbundle; includeInIndex = 0; path = CLEANTests.xctest; sourceTree = BUILT_PRODUCTS_DIR; };
		3AEDB41420A4406C0069726C /* CLEANTests.swift */ = {isa = PBXFileReference; lastKnownFileType = sourcecode.swift; path = CLEANTests.swift; sourceTree = "<group>"; };
		3AEDB41620A4406C0069726C /* Info.plist */ = {isa = PBXFileReference; lastKnownFileType = text.plist.xml; path = Info.plist; sourceTree = "<group>"; };
		3AEDB41B20A4406C0069726C /* CLEANUITests.xctest */ = {isa = PBXFileReference; explicitFileType = wrapper.cfbundle; includeInIndex = 0; path = CLEANUITests.xctest; sourceTree = BUILT_PRODUCTS_DIR; };
		3AEDB41F20A4406C0069726C /* CLEANUITests.swift */ = {isa = PBXFileReference; lastKnownFileType = sourcecode.swift; path = CLEANUITests.swift; sourceTree = "<group>"; };
		3AEDB42120A4406C0069726C /* Info.plist */ = {isa = PBXFileReference; lastKnownFileType = text.plist.xml; path = Info.plist; sourceTree = "<group>"; };
		3AFF591A20B69EC6004E7EDA /* libsqlite3.tbd */ = {isa = PBXFileReference; lastKnownFileType = "sourcecode.text-based-dylib-definition"; name = libsqlite3.tbd; path = usr/lib/libsqlite3.tbd; sourceTree = SDKROOT; };
		674656127D51431991DEA30D /* Pods_CLEANTests.framework */ = {isa = PBXFileReference; explicitFileType = wrapper.framework; includeInIndex = 0; path = Pods_CLEANTests.framework; sourceTree = BUILT_PRODUCTS_DIR; };
		6D31885822A424DAADC7B204 /* Pods-CLEANUITests.debug.xcconfig */ = {isa = PBXFileReference; includeInIndex = 1; lastKnownFileType = text.xcconfig; name = "Pods-CLEANUITests.debug.xcconfig"; path = "Pods/Target Support Files/Pods-CLEANUITests/Pods-CLEANUITests.debug.xcconfig"; sourceTree = "<group>"; };
		84FB80C420BF795300585B5B /* CalendarViewController.swift */ = {isa = PBXFileReference; fileEncoding = 4; lastKnownFileType = sourcecode.swift; path = CalendarViewController.swift; sourceTree = "<group>"; };
		92283D2CA4F44621C938E250 /* Pods-CLEANTests.release.xcconfig */ = {isa = PBXFileReference; includeInIndex = 1; lastKnownFileType = text.xcconfig; name = "Pods-CLEANTests.release.xcconfig"; path = "Pods/Target Support Files/Pods-CLEANTests/Pods-CLEANTests.release.xcconfig"; sourceTree = "<group>"; };
		A80F8BCAF250B1F80184A715 /* Pods-CLEAN.release.xcconfig */ = {isa = PBXFileReference; includeInIndex = 1; lastKnownFileType = text.xcconfig; name = "Pods-CLEAN.release.xcconfig"; path = "Pods/Target Support Files/Pods-CLEAN/Pods-CLEAN.release.xcconfig"; sourceTree = "<group>"; };
		B6147A4E20D268D200A1B66D /* ListCollectionViewCell.swift */ = {isa = PBXFileReference; fileEncoding = 4; lastKnownFileType = sourcecode.swift; path = ListCollectionViewCell.swift; sourceTree = "<group>"; };
		B6147A5020D2711700A1B66D /* exam_Icon.png */ = {isa = PBXFileReference; lastKnownFileType = image.png; name = exam_Icon.png; path = ../../../../Downloads/exam_Icon.png; sourceTree = "<group>"; };
		B6CBED3420B2E55700FDC309 /* AnimUtils.swift */ = {isa = PBXFileReference; lastKnownFileType = sourcecode.swift; path = AnimUtils.swift; sourceTree = "<group>"; };
		B6CBED3820B2FC6600FDC309 /* FinishListViewController.swift */ = {isa = PBXFileReference; lastKnownFileType = sourcecode.swift; path = FinishListViewController.swift; sourceTree = "<group>"; };
		B6FBB53D20AC70180066EE2D /* MainViewController.swift */ = {isa = PBXFileReference; lastKnownFileType = sourcecode.swift; path = MainViewController.swift; sourceTree = "<group>"; };
		B6FBB53F20AC70C70066EE2D /* ListViewController.swift */ = {isa = PBXFileReference; lastKnownFileType = sourcecode.swift; path = ListViewController.swift; sourceTree = "<group>"; };
		C28F6C03E12F199F6AAC71AA /* Pods_CLEANUITests.framework */ = {isa = PBXFileReference; explicitFileType = wrapper.framework; includeInIndex = 0; path = Pods_CLEANUITests.framework; sourceTree = BUILT_PRODUCTS_DIR; };
		D7A9D624102B7EC9D7D09642 /* Pods-CLEAN.debug.xcconfig */ = {isa = PBXFileReference; includeInIndex = 1; lastKnownFileType = text.xcconfig; name = "Pods-CLEAN.debug.xcconfig"; path = "Pods/Target Support Files/Pods-CLEAN/Pods-CLEAN.debug.xcconfig"; sourceTree = "<group>"; };
/* End PBXFileReference section */

/* Begin PBXFrameworksBuildPhase section */
		3AEDB3F920A4406C0069726C /* Frameworks */ = {
			isa = PBXFrameworksBuildPhase;
			buildActionMask = 2147483647;
			files = (
				3A39471320C7474C0089717A /* libsqlite3.0.tbd in Frameworks */,
				713116078B3315BD38ADAEFA /* Pods_CLEAN.framework in Frameworks */,
			);
			runOnlyForDeploymentPostprocessing = 0;
		};
		3AEDB40D20A4406C0069726C /* Frameworks */ = {
			isa = PBXFrameworksBuildPhase;
			buildActionMask = 2147483647;
			files = (
				1AC5B09A612F0A11A9CC025A /* Pods_CLEANTests.framework in Frameworks */,
			);
			runOnlyForDeploymentPostprocessing = 0;
		};
		3AEDB41820A4406C0069726C /* Frameworks */ = {
			isa = PBXFrameworksBuildPhase;
			buildActionMask = 2147483647;
			files = (
				3E8100A4753A4D6CA529D417 /* Pods_CLEANUITests.framework in Frameworks */,
			);
			runOnlyForDeploymentPostprocessing = 0;
		};
/* End PBXFrameworksBuildPhase section */

/* Begin PBXGroup section */
		3A44325220B64CE90009FC39 /* Support Files */ = {
			isa = PBXGroup;
			children = (
				3A44324C20B64CE90009FC39 /* FSCalendar.modulemap */,
				3A44324D20B64CE90009FC39 /* FSCalendar.xcconfig */,
				3A44324E20B64CE90009FC39 /* FSCalendar-dummy.m */,
				3A44324F20B64CE90009FC39 /* FSCalendar-prefix.pch */,
				3A44325020B64CE90009FC39 /* FSCalendar-umbrella.h */,
				3A44325120B64CE90009FC39 /* Info.plist */,
			);
			name = "Support Files";
			path = "../Target Support Files/FSCalendar";
			sourceTree = "<group>";
		};
		3A44325320B64CE90009FC39 /* FSCalendar */ = {
			isa = PBXGroup;
			children = (
				3A44322C20B64CE90009FC39 /* FSCalendar.h */,
				3A44322D20B64CE90009FC39 /* FSCalendar.m */,
				3A44322E20B64CE90009FC39 /* FSCalendar+Deprecated.m */,
				3A44322F20B64CE90009FC39 /* FSCalendarAppearance.h */,
				3A44323020B64CE90009FC39 /* FSCalendarAppearance.m */,
				3A44323120B64CE90009FC39 /* FSCalendarCalculator.h */,
				3A44323220B64CE90009FC39 /* FSCalendarCalculator.m */,
				3A44323320B64CE90009FC39 /* FSCalendarCell.h */,
				3A44323420B64CE90009FC39 /* FSCalendarCell.m */,
				3A44323520B64CE90009FC39 /* FSCalendarCollectionView.h */,
				3A44323620B64CE90009FC39 /* FSCalendarCollectionView.m */,
				3A44323720B64CE90009FC39 /* FSCalendarCollectionViewLayout.h */,
				3A44323820B64CE90009FC39 /* FSCalendarCollectionViewLayout.m */,
				3A44323920B64CE90009FC39 /* FSCalendarConstants.h */,
				3A44323A20B64CE90009FC39 /* FSCalendarConstants.m */,
				3A44323B20B64CE90009FC39 /* FSCalendarDelegationFactory.h */,
				3A44323C20B64CE90009FC39 /* FSCalendarDelegationFactory.m */,
				3A44323D20B64CE90009FC39 /* FSCalendarDelegationProxy.h */,
				3A44323E20B64CE90009FC39 /* FSCalendarDelegationProxy.m */,
				3A44323F20B64CE90009FC39 /* FSCalendarDynamicHeader.h */,
				3A44324020B64CE90009FC39 /* FSCalendarExtensions.h */,
				3A44324120B64CE90009FC39 /* FSCalendarExtensions.m */,
				3A44324220B64CE90009FC39 /* FSCalendarHeaderView.h */,
				3A44324320B64CE90009FC39 /* FSCalendarHeaderView.m */,
				3A44324420B64CE90009FC39 /* FSCalendarScopeHandle.h */,
				3A44324520B64CE90009FC39 /* FSCalendarScopeHandle.m */,
				3A44324620B64CE90009FC39 /* FSCalendarStickyHeader.h */,
				3A44324720B64CE90009FC39 /* FSCalendarStickyHeader.m */,
				3A44324820B64CE90009FC39 /* FSCalendarTransitionCoordinator.h */,
				3A44324920B64CE90009FC39 /* FSCalendarTransitionCoordinator.m */,
				3A44324A20B64CE90009FC39 /* FSCalendarWeekdayView.h */,
				3A44324B20B64CE90009FC39 /* FSCalendarWeekdayView.m */,
				3A44325220B64CE90009FC39 /* Support Files */,
			);
			name = FSCalendar;
			path = Pods/FSCalendar;
			sourceTree = "<group>";
		};
		3AA09CC620AEB29200B9C820 /* Model */ = {
			isa = PBXGroup;
			children = (
				3A73206F20BBAFFB00F45379 /* SpaceTable.swift */,
				3AC42E2520C75EC8003D82F9 /* DB */,
			);
			name = Model;
			sourceTree = "<group>";
		};
		3AA09CC720AEB2A300B9C820 /* View */ = {
			isa = PBXGroup;
			children = (
				B6147A4E20D268D200A1B66D /* ListCollectionViewCell.swift */,
				3AEDB3FF20A4406C0069726C /* AppDelegate.swift */,
				B6CBED3420B2E55700FDC309 /* AnimUtils.swift */,
				3AEDB40320A4406C0069726C /* Main.storyboard */,
				3A73207320BBE9AB00F45379 /* Calendar.storyboard */,
				3A7320B120BBF04D00F45379 /* Add.storyboard */,
				3A7320B320BBF0EA00F45379 /* CleanScheduler.storyboard */,
				3A7320B520BBF22E00F45379 /* DetailSet.storyboard */,
				3AEDB40820A4406C0069726C /* LaunchScreen.storyboard */,
				B6147A5020D2711700A1B66D /* exam_Icon.png */,
			);
			name = View;
			sourceTree = "<group>";
		};
		3AA09CC820AEB2AC00B9C820 /* Control */ = {
			isa = PBXGroup;
			children = (
				3AEDB40120A4406C0069726C /* ViewController.swift */,
				B6FBB53F20AC70C70066EE2D /* ListViewController.swift */,
				84FB80C420BF795300585B5B /* CalendarViewController.swift */,
				B6FBB53D20AC70180066EE2D /* MainViewController.swift */,
				B6CBED3820B2FC6600FDC309 /* FinishListViewController.swift */,
				3A3946EA20C28BDF0089717A /* DetailSetViewController.swift */,
			);
			name = Control;
			sourceTree = "<group>";
		};
		3AC42E1220C74935003D82F9 /* FMDB */ = {
			isa = PBXGroup;
			children = (
				3AC42E0020C74858003D82F9 /* FMDB.h */,
				3AC42E0120C74858003D82F9 /* FMDatabase.h */,
				3AC42E0220C74858003D82F9 /* FMDatabase.m */,
				3AC42E0320C74858003D82F9 /* FMResultSet.h */,
				3AC42E0420C74858003D82F9 /* FMResultSet.m */,
				3AC42E0520C74858003D82F9 /* FMDatabaseQueue.h */,
				3AC42E0620C74858003D82F9 /* FMDatabaseQueue.m */,
				3AC42E0720C74858003D82F9 /* FMDatabaseAdditions.h */,
				3AC42E0820C74858003D82F9 /* FMDatabaseAdditions.m */,
				3AC42E0920C74858003D82F9 /* FMDatabasePool.h */,
				3AC42E0A20C74858003D82F9 /* FMDatabasePool.m */,
				3AC42E1020C74886003D82F9 /* FMDB_Bridging_Header.h */,
			);
			name = FMDB;
			sourceTree = "<group>";
		};
		3AC42E2520C75EC8003D82F9 /* DB */ = {
			isa = PBXGroup;
			children = (
				3A39471120C7454A0089717A /* EventData.swift */,
			);
			name = DB;
			sourceTree = "<group>";
		};
		3AC42E2620C77295003D82F9 /* interface */ = {
			isa = PBXGroup;
			children = (
				3AC42E2720C772B4003D82F9 /* Subject.swift */,
			);
			name = interface;
			sourceTree = "<group>";
		};
		3AC42E2920C785AE003D82F9 /* Define */ = {
			isa = PBXGroup;
			children = (
				3A73207120BBB04100F45379 /* Constant.swift */,
				3AC42E2A20C7863A003D82F9 /* Infos.swift */,
			);
			name = Define;
			sourceTree = "<group>";
		};
		3AEDB3F320A4406C0069726C = {
			isa = PBXGroup;
			children = (
				3AEDB3FE20A4406C0069726C /* CLEAN */,
				3A44325320B64CE90009FC39 /* FSCalendar */,
				3AEDB41320A4406C0069726C /* CLEANTests */,
				3AEDB41E20A4406C0069726C /* CLEANUITests */,
				3AEDB3FD20A4406C0069726C /* Products */,
				B8E310EE64E14F05A65D13C5 /* Pods */,
				AAF7D26F43A31315B767F625 /* Frameworks */,
			);
			sourceTree = "<group>";
		};
		3AEDB3FD20A4406C0069726C /* Products */ = {
			isa = PBXGroup;
			children = (
				3AEDB3FC20A4406C0069726C /* CLEAN.app */,
				3AEDB41020A4406C0069726C /* CLEANTests.xctest */,
				3AEDB41B20A4406C0069726C /* CLEANUITests.xctest */,
			);
			name = Products;
			sourceTree = "<group>";
		};
		3AEDB3FE20A4406C0069726C /* CLEAN */ = {
			isa = PBXGroup;
			children = (
				3AC42E1220C74935003D82F9 /* FMDB */,
				3AC42E2620C77295003D82F9 /* interface */,
				3AC42E2920C785AE003D82F9 /* Define */,
				3AA09CC620AEB29200B9C820 /* Model */,
				3AA09CC820AEB2AC00B9C820 /* Control */,
				3AA09CC720AEB2A300B9C820 /* View */,
				3AEDB40620A4406C0069726C /* Assets.xcassets */,
				3AEDB40B20A4406C0069726C /* Info.plist */,
			);
			path = CLEAN;
			sourceTree = "<group>";
		};
		3AEDB41320A4406C0069726C /* CLEANTests */ = {
			isa = PBXGroup;
			children = (
				3AEDB41420A4406C0069726C /* CLEANTests.swift */,
				3AEDB41620A4406C0069726C /* Info.plist */,
			);
			path = CLEANTests;
			sourceTree = "<group>";
		};
		3AEDB41E20A4406C0069726C /* CLEANUITests */ = {
			isa = PBXGroup;
			children = (
				3AEDB41F20A4406C0069726C /* CLEANUITests.swift */,
				3AEDB42120A4406C0069726C /* Info.plist */,
			);
			path = CLEANUITests;
			sourceTree = "<group>";
		};
		AAF7D26F43A31315B767F625 /* Frameworks */ = {
			isa = PBXGroup;
			children = (
				3A73204C20BBAD0700F45379 /* libsqlite3.0.tbd */,
				3AFF591A20B69EC6004E7EDA /* libsqlite3.tbd */,
				1DA401160F79D0B5BF18AAEC /* Pods_CLEAN.framework */,
				674656127D51431991DEA30D /* Pods_CLEANTests.framework */,
				C28F6C03E12F199F6AAC71AA /* Pods_CLEANUITests.framework */,
			);
			name = Frameworks;
			sourceTree = "<group>";
		};
		B8E310EE64E14F05A65D13C5 /* Pods */ = {
			isa = PBXGroup;
			children = (
				D7A9D624102B7EC9D7D09642 /* Pods-CLEAN.debug.xcconfig */,
				A80F8BCAF250B1F80184A715 /* Pods-CLEAN.release.xcconfig */,
				32121066C77A8D094BA5F569 /* Pods-CLEANTests.debug.xcconfig */,
				92283D2CA4F44621C938E250 /* Pods-CLEANTests.release.xcconfig */,
				6D31885822A424DAADC7B204 /* Pods-CLEANUITests.debug.xcconfig */,
				288CD2B9C8F2AE3A0DB576ED /* Pods-CLEANUITests.release.xcconfig */,
			);
			name = Pods;
			sourceTree = "<group>";
		};
/* End PBXGroup section */

/* Begin PBXNativeTarget section */
		3AEDB3FB20A4406C0069726C /* CLEAN */ = {
			isa = PBXNativeTarget;
			buildConfigurationList = 3AEDB42420A4406C0069726C /* Build configuration list for PBXNativeTarget "CLEAN" */;
			buildPhases = (
				3B22B2989463EDDFCEA606EC /* [CP] Check Pods Manifest.lock */,
				3AEDB3F820A4406C0069726C /* Sources */,
				3AEDB3F920A4406C0069726C /* Frameworks */,
				3AEDB3FA20A4406C0069726C /* Resources */,
				82F64EE6D3850D34CD2A1AED /* [CP] Embed Pods Frameworks */,
			);
			buildRules = (
			);
			dependencies = (
			);
			name = CLEAN;
			productName = CLEAN;
			productReference = 3AEDB3FC20A4406C0069726C /* CLEAN.app */;
			productType = "com.apple.product-type.application";
		};
		3AEDB40F20A4406C0069726C /* CLEANTests */ = {
			isa = PBXNativeTarget;
			buildConfigurationList = 3AEDB42720A4406C0069726C /* Build configuration list for PBXNativeTarget "CLEANTests" */;
			buildPhases = (
				A5780FEC7101D1D1484576B1 /* [CP] Check Pods Manifest.lock */,
				3AEDB40C20A4406C0069726C /* Sources */,
				3AEDB40D20A4406C0069726C /* Frameworks */,
				3AEDB40E20A4406C0069726C /* Resources */,
			);
			buildRules = (
			);
			dependencies = (
				3AEDB41220A4406C0069726C /* PBXTargetDependency */,
			);
			name = CLEANTests;
			productName = CLEANTests;
			productReference = 3AEDB41020A4406C0069726C /* CLEANTests.xctest */;
			productType = "com.apple.product-type.bundle.unit-test";
		};
		3AEDB41A20A4406C0069726C /* CLEANUITests */ = {
			isa = PBXNativeTarget;
			buildConfigurationList = 3AEDB42A20A4406C0069726C /* Build configuration list for PBXNativeTarget "CLEANUITests" */;
			buildPhases = (
				9F30B0EE7D0B3CF0321AD054 /* [CP] Check Pods Manifest.lock */,
				3AEDB41720A4406C0069726C /* Sources */,
				3AEDB41820A4406C0069726C /* Frameworks */,
				3AEDB41920A4406C0069726C /* Resources */,
			);
			buildRules = (
			);
			dependencies = (
				3AEDB41D20A4406C0069726C /* PBXTargetDependency */,
			);
			name = CLEANUITests;
			productName = CLEANUITests;
			productReference = 3AEDB41B20A4406C0069726C /* CLEANUITests.xctest */;
			productType = "com.apple.product-type.bundle.ui-testing";
		};
/* End PBXNativeTarget section */

/* Begin PBXProject section */
		3AEDB3F420A4406C0069726C /* Project object */ = {
			isa = PBXProject;
			attributes = {
				LastSwiftUpdateCheck = 0830;
				LastUpgradeCheck = 0920;
				ORGANIZATIONNAME = "김장현";
				TargetAttributes = {
					3AEDB3FB20A4406C0069726C = {
						CreatedOnToolsVersion = 8.3.3;
						DevelopmentTeam = PJW7G3548D;
						ProvisioningStyle = Automatic;
					};
					3AEDB40F20A4406C0069726C = {
						CreatedOnToolsVersion = 8.3.3;
						ProvisioningStyle = Automatic;
						TestTargetID = 3AEDB3FB20A4406C0069726C;
					};
					3AEDB41A20A4406C0069726C = {
						CreatedOnToolsVersion = 8.3.3;
						ProvisioningStyle = Automatic;
						TestTargetID = 3AEDB3FB20A4406C0069726C;
					};
				};
			};
			buildConfigurationList = 3AEDB3F720A4406C0069726C /* Build configuration list for PBXProject "CLEAN" */;
			compatibilityVersion = "Xcode 3.2";
			developmentRegion = English;
			hasScannedForEncodings = 0;
			knownRegions = (
				en,
				Base,
			);
			mainGroup = 3AEDB3F320A4406C0069726C;
			productRefGroup = 3AEDB3FD20A4406C0069726C /* Products */;
			projectDirPath = "";
			projectRoot = "";
			targets = (
				3AEDB3FB20A4406C0069726C /* CLEAN */,
				3AEDB40F20A4406C0069726C /* CLEANTests */,
				3AEDB41A20A4406C0069726C /* CLEANUITests */,
			);
		};
/* End PBXProject section */

/* Begin PBXResourcesBuildPhase section */
		3AEDB3FA20A4406C0069726C /* Resources */ = {
			isa = PBXResourcesBuildPhase;
			buildActionMask = 2147483647;
			files = (
				3AEDB40A20A4406C0069726C /* LaunchScreen.storyboard in Resources */,
				3AEDB40720A4406C0069726C /* Assets.xcassets in Resources */,
				3A7320B620BBF22E00F45379 /* DetailSet.storyboard in Resources */,
				B6147A5120D2711700A1B66D /* exam_Icon.png in Resources */,
				3A44326620B64CE90009FC39 /* Info.plist in Resources */,
				3A7320B420BBF0EA00F45379 /* CleanScheduler.storyboard in Resources */,
				3A73207420BBE9AB00F45379 /* Calendar.storyboard in Resources */,
				3A7320B220BBF04D00F45379 /* Add.storyboard in Resources */,
				3AEDB40520A4406C0069726C /* Main.storyboard in Resources */,
			);
			runOnlyForDeploymentPostprocessing = 0;
		};
		3AEDB40E20A4406C0069726C /* Resources */ = {
			isa = PBXResourcesBuildPhase;
			buildActionMask = 2147483647;
			files = (
			);
			runOnlyForDeploymentPostprocessing = 0;
		};
		3AEDB41920A4406C0069726C /* Resources */ = {
			isa = PBXResourcesBuildPhase;
			buildActionMask = 2147483647;
			files = (
			);
			runOnlyForDeploymentPostprocessing = 0;
		};
/* End PBXResourcesBuildPhase section */

/* Begin PBXShellScriptBuildPhase section */
		3B22B2989463EDDFCEA606EC /* [CP] Check Pods Manifest.lock */ = {
			isa = PBXShellScriptBuildPhase;
			buildActionMask = 2147483647;
			files = (
			);
			inputPaths = (
				"${PODS_PODFILE_DIR_PATH}/Podfile.lock",
				"${PODS_ROOT}/Manifest.lock",
			);
			name = "[CP] Check Pods Manifest.lock";
			outputPaths = (
				"$(DERIVED_FILE_DIR)/Pods-CLEAN-checkManifestLockResult.txt",
			);
			runOnlyForDeploymentPostprocessing = 0;
			shellPath = /bin/sh;
			shellScript = "diff \"${PODS_PODFILE_DIR_PATH}/Podfile.lock\" \"${PODS_ROOT}/Manifest.lock\" > /dev/null\nif [ $? != 0 ] ; then\n    # print error to STDERR\n    echo \"error: The sandbox is not in sync with the Podfile.lock. Run 'pod install' or update your CocoaPods installation.\" >&2\n    exit 1\nfi\n# This output is used by Xcode 'outputs' to avoid re-running this script phase.\necho \"SUCCESS\" > \"${SCRIPT_OUTPUT_FILE_0}\"\n";
			showEnvVarsInLog = 0;
		};
		82F64EE6D3850D34CD2A1AED /* [CP] Embed Pods Frameworks */ = {
			isa = PBXShellScriptBuildPhase;
			buildActionMask = 2147483647;
			files = (
			);
			inputPaths = (
				"${SRCROOT}/Pods/Target Support Files/Pods-CLEAN/Pods-CLEAN-frameworks.sh",
				"${BUILT_PRODUCTS_DIR}/FSCalendar/FSCalendar.framework",
			);
			name = "[CP] Embed Pods Frameworks";
			outputPaths = (
				"${TARGET_BUILD_DIR}/${FRAMEWORKS_FOLDER_PATH}/FSCalendar.framework",
			);
			runOnlyForDeploymentPostprocessing = 0;
			shellPath = /bin/sh;
			shellScript = "\"${SRCROOT}/Pods/Target Support Files/Pods-CLEAN/Pods-CLEAN-frameworks.sh\"\n";
			showEnvVarsInLog = 0;
		};
		9F30B0EE7D0B3CF0321AD054 /* [CP] Check Pods Manifest.lock */ = {
			isa = PBXShellScriptBuildPhase;
			buildActionMask = 2147483647;
			files = (
			);
			inputPaths = (
				"${PODS_PODFILE_DIR_PATH}/Podfile.lock",
				"${PODS_ROOT}/Manifest.lock",
			);
			name = "[CP] Check Pods Manifest.lock";
			outputPaths = (
				"$(DERIVED_FILE_DIR)/Pods-CLEANUITests-checkManifestLockResult.txt",
			);
			runOnlyForDeploymentPostprocessing = 0;
			shellPath = /bin/sh;
			shellScript = "diff \"${PODS_PODFILE_DIR_PATH}/Podfile.lock\" \"${PODS_ROOT}/Manifest.lock\" > /dev/null\nif [ $? != 0 ] ; then\n    # print error to STDERR\n    echo \"error: The sandbox is not in sync with the Podfile.lock. Run 'pod install' or update your CocoaPods installation.\" >&2\n    exit 1\nfi\n# This output is used by Xcode 'outputs' to avoid re-running this script phase.\necho \"SUCCESS\" > \"${SCRIPT_OUTPUT_FILE_0}\"\n";
			showEnvVarsInLog = 0;
		};
		A5780FEC7101D1D1484576B1 /* [CP] Check Pods Manifest.lock */ = {
			isa = PBXShellScriptBuildPhase;
			buildActionMask = 2147483647;
			files = (
			);
			inputPaths = (
				"${PODS_PODFILE_DIR_PATH}/Podfile.lock",
				"${PODS_ROOT}/Manifest.lock",
			);
			name = "[CP] Check Pods Manifest.lock";
			outputPaths = (
				"$(DERIVED_FILE_DIR)/Pods-CLEANTests-checkManifestLockResult.txt",
			);
			runOnlyForDeploymentPostprocessing = 0;
			shellPath = /bin/sh;
			shellScript = "diff \"${PODS_PODFILE_DIR_PATH}/Podfile.lock\" \"${PODS_ROOT}/Manifest.lock\" > /dev/null\nif [ $? != 0 ] ; then\n    # print error to STDERR\n    echo \"error: The sandbox is not in sync with the Podfile.lock. Run 'pod install' or update your CocoaPods installation.\" >&2\n    exit 1\nfi\n# This output is used by Xcode 'outputs' to avoid re-running this script phase.\necho \"SUCCESS\" > \"${SCRIPT_OUTPUT_FILE_0}\"\n";
			showEnvVarsInLog = 0;
		};
/* End PBXShellScriptBuildPhase section */

/* Begin PBXSourcesBuildPhase section */
		3AEDB3F820A4406C0069726C /* Sources */ = {
			isa = PBXSourcesBuildPhase;
			buildActionMask = 2147483647;
			files = (
				3AC42E1C20C749F4003D82F9 /* FMDatabase.m in Sources */,
				3AC42E1E20C749F4003D82F9 /* FMResultSet.m in Sources */,
				3AC42E2120C749F4003D82F9 /* FMDatabaseAdditions.m in Sources */,
				3AC42E2320C749F4003D82F9 /* FMDatabasePool.m in Sources */,
				3A44325B20B64CE90009FC39 /* FSCalendarConstants.m in Sources */,
				3A73207020BBAFFB00F45379 /* SpaceTable.swift in Sources */,
				B6FBB53E20AC70180066EE2D /* MainViewController.swift in Sources */,
				3A44325520B64CE90009FC39 /* FSCalendar+Deprecated.m in Sources */,
				3A44325420B64CE90009FC39 /* FSCalendar.m in Sources */,
				3A44325620B64CE90009FC39 /* FSCalendarAppearance.m in Sources */,
				3A44325A20B64CE90009FC39 /* FSCalendarCollectionViewLayout.m in Sources */,
				3A44326120B64CE90009FC39 /* FSCalendarStickyHeader.m in Sources */,
				3AC42E2B20C7863A003D82F9 /* Infos.swift in Sources */,
				3AEDB40220A4406C0069726C /* ViewController.swift in Sources */,
				3A44325D20B64CE90009FC39 /* FSCalendarDelegationProxy.m in Sources */,
				3A39471220C7454A0089717A /* EventData.swift in Sources */,
				B6FBB54020AC70C70066EE2D /* ListViewController.swift in Sources */,
				3AC42E2820C772B4003D82F9 /* Subject.swift in Sources */,
				B6147A4F20D268D200A1B66D /* ListCollectionViewCell.swift in Sources */,
				3A44326220B64CE90009FC39 /* FSCalendarTransitionCoordinator.m in Sources */,
				84FB80C520BF795300585B5B /* CalendarViewController.swift in Sources */,
				3A44325720B64CE90009FC39 /* FSCalendarCalculator.m in Sources */,
				3A44325920B64CE90009FC39 /* FSCalendarCollectionView.m in Sources */,
				3A44325E20B64CE90009FC39 /* FSCalendarExtensions.m in Sources */,
				3A44326320B64CE90009FC39 /* FSCalendarWeekdayView.m in Sources */,
				3A73207220BBB04100F45379 /* Constant.swift in Sources */,
				3AEDB40020A4406C0069726C /* AppDelegate.swift in Sources */,
				3A44326020B64CE90009FC39 /* FSCalendarScopeHandle.m in Sources */,
				3A3946EB20C28BDF0089717A /* DetailSetViewController.swift in Sources */,
				3AC42E0D20C74858003D82F9 /* FMDatabaseQueue.m in Sources */,
				3A44325820B64CE90009FC39 /* FSCalendarCell.m in Sources */,
				B6CBED3520B2E55700FDC309 /* AnimUtils.swift in Sources */,
				3A44325C20B64CE90009FC39 /* FSCalendarDelegationFactory.m in Sources */,
				3A44325F20B64CE90009FC39 /* FSCalendarHeaderView.m in Sources */,
				B6CBED3920B2FC6600FDC309 /* FinishListViewController.swift in Sources */,
				3A44326520B64CE90009FC39 /* FSCalendar-dummy.m in Sources */,
			);
			runOnlyForDeploymentPostprocessing = 0;
		};
		3AEDB40C20A4406C0069726C /* Sources */ = {
			isa = PBXSourcesBuildPhase;
			buildActionMask = 2147483647;
			files = (
				3AEDB41520A4406C0069726C /* CLEANTests.swift in Sources */,
			);
			runOnlyForDeploymentPostprocessing = 0;
		};
		3AEDB41720A4406C0069726C /* Sources */ = {
			isa = PBXSourcesBuildPhase;
			buildActionMask = 2147483647;
			files = (
				3AEDB42020A4406C0069726C /* CLEANUITests.swift in Sources */,
			);
			runOnlyForDeploymentPostprocessing = 0;
		};
/* End PBXSourcesBuildPhase section */

/* Begin PBXTargetDependency section */
		3AEDB41220A4406C0069726C /* PBXTargetDependency */ = {
			isa = PBXTargetDependency;
			target = 3AEDB3FB20A4406C0069726C /* CLEAN */;
			targetProxy = 3AEDB41120A4406C0069726C /* PBXContainerItemProxy */;
		};
		3AEDB41D20A4406C0069726C /* PBXTargetDependency */ = {
			isa = PBXTargetDependency;
			target = 3AEDB3FB20A4406C0069726C /* CLEAN */;
			targetProxy = 3AEDB41C20A4406C0069726C /* PBXContainerItemProxy */;
		};
/* End PBXTargetDependency section */

/* Begin PBXVariantGroup section */
		3AEDB40320A4406C0069726C /* Main.storyboard */ = {
			isa = PBXVariantGroup;
			children = (
				3AEDB40420A4406C0069726C /* Base */,
			);
			name = Main.storyboard;
			sourceTree = "<group>";
		};
		3AEDB40820A4406C0069726C /* LaunchScreen.storyboard */ = {
			isa = PBXVariantGroup;
			children = (
				3AEDB40920A4406C0069726C /* Base */,
			);
			name = LaunchScreen.storyboard;
			sourceTree = "<group>";
		};
/* End PBXVariantGroup section */

/* Begin XCBuildConfiguration section */
		3AEDB42220A4406C0069726C /* Debug */ = {
			isa = XCBuildConfiguration;
			buildSettings = {
				ALWAYS_SEARCH_USER_PATHS = NO;
				CLANG_ANALYZER_NONNULL = YES;
				CLANG_ANALYZER_NUMBER_OBJECT_CONVERSION = YES_AGGRESSIVE;
				CLANG_CXX_LANGUAGE_STANDARD = "gnu++0x";
				CLANG_CXX_LIBRARY = "libc++";
				CLANG_ENABLE_MODULES = YES;
				CLANG_ENABLE_OBJC_ARC = YES;
				CLANG_WARN_BLOCK_CAPTURE_AUTORELEASING = YES;
				CLANG_WARN_BOOL_CONVERSION = YES;
				CLANG_WARN_COMMA = YES;
				CLANG_WARN_CONSTANT_CONVERSION = YES;
				CLANG_WARN_DIRECT_OBJC_ISA_USAGE = YES_ERROR;
				CLANG_WARN_DOCUMENTATION_COMMENTS = YES;
				CLANG_WARN_EMPTY_BODY = YES;
				CLANG_WARN_ENUM_CONVERSION = YES;
				CLANG_WARN_INFINITE_RECURSION = YES;
				CLANG_WARN_INT_CONVERSION = YES;
				CLANG_WARN_NON_LITERAL_NULL_CONVERSION = YES;
				CLANG_WARN_OBJC_LITERAL_CONVERSION = YES;
				CLANG_WARN_OBJC_ROOT_CLASS = YES_ERROR;
				CLANG_WARN_RANGE_LOOP_ANALYSIS = YES;
				CLANG_WARN_STRICT_PROTOTYPES = YES;
				CLANG_WARN_SUSPICIOUS_MOVE = YES;
				CLANG_WARN_UNREACHABLE_CODE = YES;
				CLANG_WARN__DUPLICATE_METHOD_MATCH = YES;
				"CODE_SIGN_IDENTITY[sdk=iphoneos*]" = "iPhone Developer";
				COPY_PHASE_STRIP = NO;
				DEBUG_INFORMATION_FORMAT = dwarf;
				ENABLE_STRICT_OBJC_MSGSEND = YES;
				ENABLE_TESTABILITY = YES;
				GCC_C_LANGUAGE_STANDARD = gnu99;
				GCC_DYNAMIC_NO_PIC = NO;
				GCC_NO_COMMON_BLOCKS = YES;
				GCC_OPTIMIZATION_LEVEL = 0;
				GCC_PREPROCESSOR_DEFINITIONS = (
					"DEBUG=1",
					"$(inherited)",
				);
				GCC_WARN_64_TO_32_BIT_CONVERSION = YES;
				GCC_WARN_ABOUT_RETURN_TYPE = YES_ERROR;
				GCC_WARN_UNDECLARED_SELECTOR = YES;
				GCC_WARN_UNINITIALIZED_AUTOS = YES_AGGRESSIVE;
				GCC_WARN_UNUSED_FUNCTION = YES;
				GCC_WARN_UNUSED_VARIABLE = YES;
				IPHONEOS_DEPLOYMENT_TARGET = 10.3;
				MTL_ENABLE_DEBUG_INFO = YES;
				ONLY_ACTIVE_ARCH = YES;
				SDKROOT = iphoneos;
				SWIFT_ACTIVE_COMPILATION_CONDITIONS = DEBUG;
				SWIFT_OPTIMIZATION_LEVEL = "-Onone";
				TARGETED_DEVICE_FAMILY = "1,2";
			};
			name = Debug;
		};
		3AEDB42320A4406C0069726C /* Release */ = {
			isa = XCBuildConfiguration;
			buildSettings = {
				ALWAYS_SEARCH_USER_PATHS = NO;
				CLANG_ANALYZER_NONNULL = YES;
				CLANG_ANALYZER_NUMBER_OBJECT_CONVERSION = YES_AGGRESSIVE;
				CLANG_CXX_LANGUAGE_STANDARD = "gnu++0x";
				CLANG_CXX_LIBRARY = "libc++";
				CLANG_ENABLE_MODULES = YES;
				CLANG_ENABLE_OBJC_ARC = YES;
				CLANG_WARN_BLOCK_CAPTURE_AUTORELEASING = YES;
				CLANG_WARN_BOOL_CONVERSION = YES;
				CLANG_WARN_COMMA = YES;
				CLANG_WARN_CONSTANT_CONVERSION = YES;
				CLANG_WARN_DIRECT_OBJC_ISA_USAGE = YES_ERROR;
				CLANG_WARN_DOCUMENTATION_COMMENTS = YES;
				CLANG_WARN_EMPTY_BODY = YES;
				CLANG_WARN_ENUM_CONVERSION = YES;
				CLANG_WARN_INFINITE_RECURSION = YES;
				CLANG_WARN_INT_CONVERSION = YES;
				CLANG_WARN_NON_LITERAL_NULL_CONVERSION = YES;
				CLANG_WARN_OBJC_LITERAL_CONVERSION = YES;
				CLANG_WARN_OBJC_ROOT_CLASS = YES_ERROR;
				CLANG_WARN_RANGE_LOOP_ANALYSIS = YES;
				CLANG_WARN_STRICT_PROTOTYPES = YES;
				CLANG_WARN_SUSPICIOUS_MOVE = YES;
				CLANG_WARN_UNREACHABLE_CODE = YES;
				CLANG_WARN__DUPLICATE_METHOD_MATCH = YES;
				"CODE_SIGN_IDENTITY[sdk=iphoneos*]" = "iPhone Developer";
				COPY_PHASE_STRIP = NO;
				DEBUG_INFORMATION_FORMAT = "dwarf-with-dsym";
				ENABLE_NS_ASSERTIONS = NO;
				ENABLE_STRICT_OBJC_MSGSEND = YES;
				GCC_C_LANGUAGE_STANDARD = gnu99;
				GCC_NO_COMMON_BLOCKS = YES;
				GCC_WARN_64_TO_32_BIT_CONVERSION = YES;
				GCC_WARN_ABOUT_RETURN_TYPE = YES_ERROR;
				GCC_WARN_UNDECLARED_SELECTOR = YES;
				GCC_WARN_UNINITIALIZED_AUTOS = YES_AGGRESSIVE;
				GCC_WARN_UNUSED_FUNCTION = YES;
				GCC_WARN_UNUSED_VARIABLE = YES;
				IPHONEOS_DEPLOYMENT_TARGET = 10.3;
				MTL_ENABLE_DEBUG_INFO = NO;
				SDKROOT = iphoneos;
				SWIFT_OPTIMIZATION_LEVEL = "-Owholemodule";
				TARGETED_DEVICE_FAMILY = "1,2";
				VALIDATE_PRODUCT = YES;
			};
			name = Release;
		};
		3AEDB42520A4406C0069726C /* Debug */ = {
			isa = XCBuildConfiguration;
			baseConfigurationReference = D7A9D624102B7EC9D7D09642 /* Pods-CLEAN.debug.xcconfig */;
			buildSettings = {
				ASSETCATALOG_COMPILER_APPICON_NAME = AppIcon;
				DEVELOPMENT_TEAM = PJW7G3548D;
				INFOPLIST_FILE = CLEAN/Info.plist;
				LD_RUNPATH_SEARCH_PATHS = "$(inherited) @executable_path/Frameworks";
				PRODUCT_BUNDLE_IDENTIFIER = "--.CLEAN";
				PRODUCT_NAME = "$(TARGET_NAME)";
				SWIFT_OBJC_BRIDGING_HEADER = CLEAN/FMDB_Bridging_Header.h;
				SWIFT_VERSION = 3.0;
			};
			name = Debug;
		};
		3AEDB42620A4406C0069726C /* Release */ = {
			isa = XCBuildConfiguration;
			baseConfigurationReference = A80F8BCAF250B1F80184A715 /* Pods-CLEAN.release.xcconfig */;
			buildSettings = {
				ASSETCATALOG_COMPILER_APPICON_NAME = AppIcon;
				DEVELOPMENT_TEAM = PJW7G3548D;
				INFOPLIST_FILE = CLEAN/Info.plist;
				LD_RUNPATH_SEARCH_PATHS = "$(inherited) @executable_path/Frameworks";
				PRODUCT_BUNDLE_IDENTIFIER = "--.CLEAN";
				PRODUCT_NAME = "$(TARGET_NAME)";
				SWIFT_OBJC_BRIDGING_HEADER = CLEAN/FMDB_Bridging_Header.h;
				SWIFT_VERSION = 3.0;
			};
			name = Release;
		};
		3AEDB42820A4406C0069726C /* Debug */ = {
			isa = XCBuildConfiguration;
			baseConfigurationReference = 32121066C77A8D094BA5F569 /* Pods-CLEANTests.debug.xcconfig */;
			buildSettings = {
				ALWAYS_EMBED_SWIFT_STANDARD_LIBRARIES = YES;
				BUNDLE_LOADER = "$(TEST_HOST)";
				INFOPLIST_FILE = CLEANTests/Info.plist;
				LD_RUNPATH_SEARCH_PATHS = "$(inherited) @executable_path/Frameworks @loader_path/Frameworks";
				PRODUCT_BUNDLE_IDENTIFIER = "--.CLEANTests";
				PRODUCT_NAME = "$(TARGET_NAME)";
				SWIFT_VERSION = 3.0;
				TEST_HOST = "$(BUILT_PRODUCTS_DIR)/CLEAN.app/CLEAN";
			};
			name = Debug;
		};
		3AEDB42920A4406C0069726C /* Release */ = {
			isa = XCBuildConfiguration;
			baseConfigurationReference = 92283D2CA4F44621C938E250 /* Pods-CLEANTests.release.xcconfig */;
			buildSettings = {
				ALWAYS_EMBED_SWIFT_STANDARD_LIBRARIES = YES;
				BUNDLE_LOADER = "$(TEST_HOST)";
				INFOPLIST_FILE = CLEANTests/Info.plist;
				LD_RUNPATH_SEARCH_PATHS = "$(inherited) @executable_path/Frameworks @loader_path/Frameworks";
				PRODUCT_BUNDLE_IDENTIFIER = "--.CLEANTests";
				PRODUCT_NAME = "$(TARGET_NAME)";
				SWIFT_VERSION = 3.0;
				TEST_HOST = "$(BUILT_PRODUCTS_DIR)/CLEAN.app/CLEAN";
			};
			name = Release;
		};
		3AEDB42B20A4406C0069726C /* Debug */ = {
			isa = XCBuildConfiguration;
			baseConfigurationReference = 6D31885822A424DAADC7B204 /* Pods-CLEANUITests.debug.xcconfig */;
			buildSettings = {
				ALWAYS_EMBED_SWIFT_STANDARD_LIBRARIES = YES;
				INFOPLIST_FILE = CLEANUITests/Info.plist;
				LD_RUNPATH_SEARCH_PATHS = "$(inherited) @executable_path/Frameworks @loader_path/Frameworks";
				PRODUCT_BUNDLE_IDENTIFIER = "--.CLEANUITests";
				PRODUCT_NAME = "$(TARGET_NAME)";
				SWIFT_VERSION = 3.0;
				TEST_TARGET_NAME = CLEAN;
			};
			name = Debug;
		};
		3AEDB42C20A4406C0069726C /* Release */ = {
			isa = XCBuildConfiguration;
			baseConfigurationReference = 288CD2B9C8F2AE3A0DB576ED /* Pods-CLEANUITests.release.xcconfig */;
			buildSettings = {
				ALWAYS_EMBED_SWIFT_STANDARD_LIBRARIES = YES;
				INFOPLIST_FILE = CLEANUITests/Info.plist;
				LD_RUNPATH_SEARCH_PATHS = "$(inherited) @executable_path/Frameworks @loader_path/Frameworks";
				PRODUCT_BUNDLE_IDENTIFIER = "--.CLEANUITests";
				PRODUCT_NAME = "$(TARGET_NAME)";
				SWIFT_VERSION = 3.0;
				TEST_TARGET_NAME = CLEAN;
			};
			name = Release;
		};
/* End XCBuildConfiguration section */

/* Begin XCConfigurationList section */
		3AEDB3F720A4406C0069726C /* Build configuration list for PBXProject "CLEAN" */ = {
			isa = XCConfigurationList;
			buildConfigurations = (
				3AEDB42220A4406C0069726C /* Debug */,
				3AEDB42320A4406C0069726C /* Release */,
			);
			defaultConfigurationIsVisible = 0;
			defaultConfigurationName = Release;
		};
		3AEDB42420A4406C0069726C /* Build configuration list for PBXNativeTarget "CLEAN" */ = {
			isa = XCConfigurationList;
			buildConfigurations = (
				3AEDB42520A4406C0069726C /* Debug */,
				3AEDB42620A4406C0069726C /* Release */,
			);
			defaultConfigurationIsVisible = 0;
			defaultConfigurationName = Release;
		};
		3AEDB42720A4406C0069726C /* Build configuration list for PBXNativeTarget "CLEANTests" */ = {
			isa = XCConfigurationList;
			buildConfigurations = (
				3AEDB42820A4406C0069726C /* Debug */,
				3AEDB42920A4406C0069726C /* Release */,
			);
			defaultConfigurationIsVisible = 0;
			defaultConfigurationName = Release;
		};
		3AEDB42A20A4406C0069726C /* Build configuration list for PBXNativeTarget "CLEANUITests" */ = {
			isa = XCConfigurationList;
			buildConfigurations = (
				3AEDB42B20A4406C0069726C /* Debug */,
				3AEDB42C20A4406C0069726C /* Release */,
			);
			defaultConfigurationIsVisible = 0;
			defaultConfigurationName = Release;
		};
/* End XCConfigurationList section */
	};
	rootObject = 3AEDB3F420A4406C0069726C /* Project object */;
}
